
Microsoft Visual Studio Solution File, Format Version 12.00
# Visual Studio Version 16
VisualStudioVersion = 16.0.33130.400
MinimumVisualStudioVersion = 10.0.40219.1
Project("{FAE04EC0-301F-11D3-BF4B-00C04F79EFBC}") = "WecomLicenseCreator", "WecomLicenseCreator\WecomLicenseCreator.csproj", "{2143A7E6-880B-4F85-9FFC-9407337FC8E1}"
EndProject
Global
	GlobalSection(SolutionConfigurationPlatforms) = preSolution
		Debug|Any CPU = Debug|Any CPU
		Release|Any CPU = Release|Any CPU
	EndGlobalSection
	GlobalSection(ProjectConfigurationPlatforms) = postSolution
		{2143A7E6-880B-4F85-9FFC-9407337FC8E1}.Debug|Any CPU.ActiveCfg = Debug|Any CPU
		{2143A7E6-880B-4F85-9FFC-9407337FC8E1}.Debug|Any CPU.Build.0 = Debug|Any CPU
		{2143A7E6-880B-4F85-9FFC-9407337FC8E1}.Release|Any CPU.ActiveCfg = Release|Any CPU
		{2143A7E6-880B-4F85-9FFC-9407337FC8E1}.Release|Any CPU.Build.0 = Release|Any CPU
	EndGlobalSection
	GlobalSection(SolutionProperties) = preSolution
		HideSolutionNode = FALSE
	EndGlobalSection
	GlobalSection(ExtensibilityGlobals) = postSolution
		SolutionGuid = {0315B660-6FB8-4632-ABA3-5825DBE56960}
	EndGlobalSection
EndGlobal
